<?xml version="1.0"?>
<CONFIG>
  <ProjectOptions>
    <PathDelim Value="\"/>
    <Version Value="7"/>
    <General>
      <MainUnit Value="0"/>
      <TargetFileExt Value=".exe"/>
      <Icon Value="0"/>
      <UseXPManifest Value="True"/>
      <ActiveEditorIndexAtStart Value="11"/>
    </General>
    <VersionInfo>
      <UseVersionInfo Value="True"/>
      <CurrentVersionNr Value="10"/>
      <ProjectVersion Value="10.0.0.0"/>
      <Comments Value="meet us at http://code.google.com/p/thtmlviewer/"/>
      <CompanyName Value="HtmlViewer Team"/>
      <ProductName Value="FrameViewer Demo"/>
    </VersionInfo>
    <PublishOptions>
      <Version Value="2"/>
      <IgnoreBinaries Value="False"/>
      <IncludeFileFilter Value="*.(pas|pp|inc|lfm|lpr|lrs|lpi|lpk|sh|xml)"/>
      <ExcludeFileFilter Value="*.(bak|ppu|ppw|o|so);*~;backup"/>
    </PublishOptions>
    <RunParams>
      <local>
        <FormatVersion Value="1"/>
        <LaunchingApplication PathPlusParams="/usr/X11R6/bin/xterm -T 'Lazarus Run Output' -e $(LazarusDir)/tools/runwait.sh $(TargetCmdLine)"/>
      </local>
    </RunParams>
    <RequiredPackages Count="1">
      <Item1>
        <PackageName Value="LCL"/>
      </Item1>
    </RequiredPackages>
    <Units Count="34">
      <Unit0>
        <Filename Value="FrameDem.dpr"/>
        <IsPartOfProject Value="True"/>
        <CursorPos X="27" Y="18"/>
        <TopLine Value="1"/>
        <UsageCount Value="168"/>
      </Unit0>
      <Unit1>
        <Filename Value="FDEMUNIT.PAS"/>
        <HasResources Value="True"/>
        <UnitName Value="FDemUnit"/>
        <CursorPos X="48" Y="922"/>
        <TopLine Value="916"/>
        <UsageCount Value="81"/>
      </Unit1>
      <Unit2>
        <Filename Value="..\..\source\HTMLSubs.pas"/>
        <UnitName Value="Htmlsubs"/>
        <CursorPos X="66" Y="12708"/>
        <TopLine Value="12706"/>
        <EditorIndex Value="5"/>
        <UsageCount Value="77"/>
        <Loaded Value="True"/>
        <SyntaxHighlighter Value="Delphi"/>
      </Unit2>
      <Unit3>
        <Filename Value="PrintStatusForm.pas"/>
        <ComponentName Value="PrnStatusForm"/>
        <HasResources Value="True"/>
        <ResourceBaseClass Value="Form"/>
        <UnitName Value="PrintStatusForm"/>
        <CursorPos X="1" Y="1"/>
        <TopLine Value="1"/>
        <UsageCount Value="3"/>
      </Unit3>
      <Unit4>
        <Filename Value="SUBMIT.PAS"/>
        <UnitName Value="Submit"/>
        <CursorPos X="31" Y="28"/>
        <TopLine Value="1"/>
        <UsageCount Value="4"/>
      </Unit4>
      <Unit5>
        <Filename Value="Fontdlg.pas"/>
        <HasResources Value="True"/>
        <UnitName Value="Fontdlg"/>
        <CursorPos X="26" Y="238"/>
        <TopLine Value="210"/>
        <UsageCount Value="10"/>
      </Unit5>
      <Unit6>
        <Filename Value="..\..\source\htmlcons.inc"/>
        <CursorPos X="1" Y="28"/>
        <TopLine Value="21"/>
        <EditorIndex Value="0"/>
        <UsageCount Value="80"/>
        <Loaded Value="True"/>
        <SyntaxHighlighter Value="Delphi"/>
      </Unit6>
      <Unit7>
        <Filename Value="..\..\source\htmlview.pas"/>
        <UnitName Value="Htmlview"/>
        <CursorPos X="1" Y="1"/>
        <TopLine Value="1"/>
        <EditorIndex Value="9"/>
        <UsageCount Value="78"/>
        <Loaded Value="True"/>
        <SyntaxHighlighter Value="Delphi"/>
      </Unit7>
      <Unit8>
        <Filename Value="..\..\source\HtmlGlobals.pas"/>
        <UnitName Value="HtmlGlobals"/>
        <CursorPos X="1" Y="18"/>
        <TopLine Value="1"/>
        <EditorIndex Value="1"/>
        <UsageCount Value="78"/>
        <Loaded Value="True"/>
        <SyntaxHighlighter Value="Delphi"/>
      </Unit8>
      <Unit9>
        <Filename Value="..\..\source\vwPrint.pas"/>
        <UnitName Value="vwPrint"/>
        <CursorPos X="1" Y="18"/>
        <TopLine Value="1"/>
        <EditorIndex Value="10"/>
        <UsageCount Value="78"/>
        <Loaded Value="True"/>
        <SyntaxHighlighter Value="Delphi"/>
      </Unit9>
      <Unit10>
        <Filename Value="Htmlabt.pas"/>
        <ComponentName Value="AboutBox"/>
        <HasResources Value="True"/>
        <ResourceBaseClass Value="Form"/>
        <UnitName Value="HTMLAbt"/>
        <CursorPos X="33" Y="67"/>
        <TopLine Value="44"/>
        <UsageCount Value="42"/>
      </Unit10>
      <Unit11>
        <Filename Value="Submit.lrs"/>
        <CursorPos X="1" Y="9"/>
        <TopLine Value="1"/>
        <UsageCount Value="75"/>
      </Unit11>
      <Unit12>
        <Filename Value="ImgForm.lrs"/>
        <CursorPos X="1" Y="9"/>
        <TopLine Value="1"/>
        <UsageCount Value="75"/>
      </Unit12>
      <Unit13>
        <Filename Value="PreviewForm.pas"/>
        <UnitName Value="PreviewForm"/>
        <CursorPos X="1" Y="21"/>
        <TopLine Value="21"/>
        <UsageCount Value="3"/>
      </Unit13>
      <Unit14>
        <Filename Value="..\..\source\HTMLUn2.pas"/>
        <UnitName Value="HTMLUn2"/>
        <CursorPos X="3" Y="4486"/>
        <TopLine Value="4453"/>
        <EditorIndex Value="7"/>
        <UsageCount Value="74"/>
        <Loaded Value="True"/>
        <SyntaxHighlighter Value="Delphi"/>
      </Unit14>
      <Unit15>
        <Filename Value="..\..\source\MetaFilePrinter.pas"/>
        <UnitName Value="MetaFilePrinter"/>
        <CursorPos X="40" Y="413"/>
        <TopLine Value="388"/>
        <EditorIndex Value="3"/>
        <UsageCount Value="78"/>
        <Loaded Value="True"/>
        <SyntaxHighlighter Value="Delphi"/>
      </Unit15>
      <Unit16>
        <Filename Value="..\..\source\StyleUn.pas"/>
        <UnitName Value="StyleUn"/>
        <CursorPos X="1" Y="1"/>
        <TopLine Value="1"/>
        <EditorIndex Value="4"/>
        <UsageCount Value="78"/>
        <Loaded Value="True"/>
        <SyntaxHighlighter Value="Delphi"/>
      </Unit16>
      <Unit17>
        <Filename Value="HtmlAbt.lrs"/>
        <CursorPos X="1" Y="21"/>
        <TopLine Value="1"/>
        <UsageCount Value="37"/>
      </Unit17>
      <Unit18>
        <Filename Value="Htmlabt.lfm"/>
        <CursorPos X="1" Y="1"/>
        <TopLine Value="1"/>
        <UsageCount Value="4"/>
        <SyntaxHighlighter Value="LFM"/>
      </Unit18>
      <Unit19>
        <Filename Value="..\..\source\framview.pas"/>
        <UnitName Value="FramView"/>
        <CursorPos X="21" Y="1965"/>
        <TopLine Value="1932"/>
        <EditorIndex Value="2"/>
        <UsageCount Value="74"/>
        <Loaded Value="True"/>
        <SyntaxHighlighter Value="Delphi"/>
      </Unit19>
      <Unit20>
        <Filename Value="C:\lazarus\ide\environmentopts.pp"/>
        <UnitName Value="EnvironmentOpts"/>
        <CursorPos X="1" Y="1"/>
        <TopLine Value="1"/>
        <UsageCount Value="4"/>
      </Unit20>
      <Unit21>
        <Filename Value="..\..\source\DitherUnit.pas"/>
        <UnitName Value="DitherUnit"/>
        <CursorPos X="2" Y="12"/>
        <TopLine Value="1"/>
        <UsageCount Value="4"/>
        <SyntaxHighlighter Value="Delphi"/>
      </Unit21>
      <Unit22>
        <Filename Value="..\..\source\GDIPL2A.pas"/>
        <UnitName Value="GDIPL2A"/>
        <CursorPos X="5" Y="441"/>
        <TopLine Value="375"/>
        <UsageCount Value="41"/>
        <SyntaxHighlighter Value="Delphi"/>
      </Unit22>
      <Unit23>
        <Filename Value="..\..\source\ReadHTML.pas"/>
        <UnitName Value="Readhtml"/>
        <CursorPos X="1" Y="1"/>
        <TopLine Value="1"/>
        <EditorIndex Value="11"/>
        <UsageCount Value="42"/>
        <Loaded Value="True"/>
        <SyntaxHighlighter Value="Delphi"/>
      </Unit23>
      <Unit24>
        <Filename Value="C:\lazarus\lcl\include\winapih.inc"/>
        <CursorPos X="10" Y="119"/>
        <TopLine Value="86"/>
        <UsageCount Value="4"/>
      </Unit24>
      <Unit25>
        <Filename Value="C:\lazarus\lcl\stdctrls.pp"/>
        <UnitName Value="StdCtrls"/>
        <CursorPos X="14" Y="1213"/>
        <TopLine Value="1180"/>
        <EditorIndex Value="6"/>
        <UsageCount Value="16"/>
        <Loaded Value="True"/>
      </Unit25>
      <Unit26>
        <Filename Value="C:\lazarus\lcl\forms.pp"/>
        <UnitName Value="Forms"/>
        <CursorPos X="3" Y="82"/>
        <TopLine Value="49"/>
        <UsageCount Value="4"/>
      </Unit26>
      <Unit27>
        <Filename Value="C:\lazarus\fpc\2.2.4\source\rtl\inc\systemh.inc"/>
        <CursorPos X="3" Y="218"/>
        <TopLine Value="185"/>
        <UsageCount Value="4"/>
      </Unit27>
      <Unit28>
        <Filename Value="..\..\source\StylePars.pas"/>
        <UnitName Value="StylePars"/>
        <CursorPos X="5" Y="548"/>
        <TopLine Value="515"/>
        <EditorIndex Value="8"/>
        <UsageCount Value="42"/>
        <Loaded Value="True"/>
        <SyntaxHighlighter Value="Delphi"/>
      </Unit28>
      <Unit29>
        <Filename Value="C:\lazarus\lcl\dialogs.pp"/>
        <UnitName Value="Dialogs"/>
        <CursorPos X="18" Y="686"/>
        <TopLine Value="645"/>
        <UsageCount Value="10"/>
      </Unit29>
      <Unit30>
        <Filename Value="C:\lazarus\lcl\include\fontdialog.inc"/>
        <CursorPos X="53" Y="49"/>
        <TopLine Value="2"/>
        <UsageCount Value="10"/>
      </Unit30>
      <Unit31>
        <Filename Value="unit1.pas"/>
        <IsPartOfProject Value="True"/>
        <ComponentName Value="Form1"/>
        <ResourceBaseClass Value="Form"/>
        <UnitName Value="Unit1"/>
        <CursorPos X="1" Y="4"/>
        <TopLine Value="1"/>
        <UsageCount Value="21"/>
      </Unit31>
      <Unit32>
        <Filename Value="FontDlg.lrs"/>
        <CursorPos X="54" Y="3"/>
        <TopLine Value="1"/>
        <UsageCount Value="10"/>
      </Unit32>
      <Unit33>
        <Filename Value="Fontdlg.dfm"/>
        <CursorPos X="1" Y="1"/>
        <TopLine Value="1"/>
        <UsageCount Value="10"/>
        <SyntaxHighlighter Value="LFM"/>
      </Unit33>
    </Units>
    <JumpHistory Count="12" HistoryIndex="11">
      <Position1>
        <Filename Value="..\..\source\StyleUn.pas"/>
        <Caret Line="1305" Column="78" TopLine="1272"/>
      </Position1>
      <Position2>
        <Filename Value="..\..\source\StyleUn.pas"/>
        <Caret Line="1116" Column="105" TopLine="1083"/>
      </Position2>
      <Position3>
        <Filename Value="..\..\source\StyleUn.pas"/>
        <Caret Line="1112" Column="25" TopLine="1079"/>
      </Position3>
      <Position4>
        <Filename Value="..\..\source\StyleUn.pas"/>
        <Caret Line="1301" Column="25" TopLine="1268"/>
      </Position4>
      <Position5>
        <Filename Value="..\..\source\htmlsubs.pas"/>
        <Caret Line="5403" Column="14" TopLine="5370"/>
      </Position5>
      <Position6>
        <Filename Value="..\..\source\HTMLUn2.pas"/>
        <Caret Line="3160" Column="27" TopLine="3127"/>
      </Position6>
      <Position7>
        <Filename Value="..\..\source\htmlsubs.pas"/>
        <Caret Line="2898" Column="3" TopLine="2865"/>
      </Position7>
      <Position8>
        <Filename Value="..\..\source\HTMLUn2.pas"/>
        <Caret Line="4486" Column="3" TopLine="4453"/>
      </Position8>
      <Position9>
        <Filename Value="..\..\source\htmlsubs.pas"/>
        <Caret Line="2898" Column="3" TopLine="2865"/>
      </Position9>
      <Position10>
        <Filename Value="..\..\source\HTMLSubs.pas"/>
        <Caret Line="5403" Column="14" TopLine="5370"/>
      </Position10>
      <Position11>
        <Filename Value="..\..\source\HTMLSubs.pas"/>
        <Caret Line="67" Column="1" TopLine="67"/>
      </Position11>
      <Position12>
        <Filename Value="..\..\source\HTMLSubs.pas"/>
        <Caret Line="12709" Column="4" TopLine="12706"/>
      </Position12>
    </JumpHistory>
  </ProjectOptions>
  <CompilerOptions>
    <Version Value="8"/>
    <PathDelim Value="\"/>
    <Target>
      <Filename Value="bin\$(TargetCPU)-$(TargetOS)\FrameDem.exe"/>
    </Target>
    <SearchPaths>
      <IncludeFiles Value="$(ProjOutDir)\"/>
      <OtherUnitFiles Value="..\..\package\lib\$(TargetCPU)-$(TargetOS)\"/>
      <UnitOutputDirectory Value="lib\$(TargetCPU)-$(TargetOS)"/>
    </SearchPaths>
    <Linking>
      <Debugging>
        <GenerateDebugInfo Value="True"/>
      </Debugging>
      <Options>
        <Win32>
          <GraphicApplication Value="True"/>
        </Win32>
      </Options>
    </Linking>
    <Other>
      <CompilerPath Value="$(CompPath)"/>
    </Other>
  </CompilerOptions>
  <Debugging>
    <BreakPoints Count="3">
      <Item1>
        <Source Value="..\..\source\HTMLUn2.pas"/>
        <Line Value="1795"/>
      </Item1>
      <Item2>
        <Source Value="..\..\source\HTMLUn2.pas"/>
        <Line Value="1938"/>
      </Item2>
      <Item3>
        <Source Value="..\..\source\HTMLUn2.pas"/>
        <Line Value="1935"/>
      </Item3>
    </BreakPoints>
    <Watches Count="1">
      <Item1>
        <Expression Value="Filename"/>
        <Enabled Value="False"/>
      </Item1>
    </Watches>
  </Debugging>
</CONFIG>
