<?xml version="1.0"?>
<CONFIG>
  <ProjectOptions>
    <PathDelim Value="\"/>
    <Version Value="7"/>
    <General>
      <MainUnit Value="0"/>
      <TargetFileExt Value=".exe"/>
      <Icon Value="0"/>
      <UseXPManifest Value="True"/>
      <ActiveEditorIndexAtStart Value="12"/>
    </General>
    <VersionInfo>
      <UseVersionInfo Value="True"/>
      <CurrentVersionNr Value="10"/>
      <ProjectVersion Value="10.0.0.0"/>
      <Comments Value="meet us at http://code.google.com/p/thtmlviewer/"/>
      <CompanyName Value="HtmlViewer Team"/>
      <ProductName Value="FrameViewer Demo"/>
    </VersionInfo>
    <PublishOptions>
      <Version Value="2"/>
      <IgnoreBinaries Value="False"/>
      <IncludeFileFilter Value="*.(pas|pp|inc|lfm|lpr|lrs|lpi|lpk|sh|xml)"/>
      <ExcludeFileFilter Value="*.(bak|ppu|ppw|o|so);*~;backup"/>
    </PublishOptions>
    <RunParams>
      <local>
        <FormatVersion Value="1"/>
        <LaunchingApplication PathPlusParams="/usr/X11R6/bin/xterm -T 'Lazarus Run Output' -e $(LazarusDir)/tools/runwait.sh $(TargetCmdLine)"/>
      </local>
    </RunParams>
    <RequiredPackages Count="1">
      <Item1>
        <PackageName Value="LCL"/>
      </Item1>
    </RequiredPackages>
    <Units Count="41">
      <Unit0>
        <Filename Value="FrameDem.dpr"/>
        <IsPartOfProject Value="True"/>
        <CursorPos X="23" Y="32"/>
        <TopLine Value="1"/>
        <EditorIndex Value="8"/>
        <UsageCount Value="39"/>
        <Loaded Value="True"/>
      </Unit0>
      <Unit1>
        <Filename Value="FDemUnit.pas"/>
        <HasResources Value="True"/>
        <UnitName Value="FDemUnit"/>
        <CursorPos X="22" Y="377"/>
        <TopLine Value="329"/>
        <EditorIndex Value="12"/>
        <UsageCount Value="17"/>
        <Loaded Value="True"/>
      </Unit1>
      <Unit2>
        <Filename Value="..\..\source\HTMLSubs.pas"/>
        <UnitName Value="Htmlsubs"/>
        <CursorPos X="47" Y="7"/>
        <TopLine Value="1"/>
        <EditorIndex Value="11"/>
        <UsageCount Value="13"/>
        <Loaded Value="True"/>
        <SyntaxHighlighter Value="Delphi"/>
      </Unit2>
      <Unit3>
        <Filename Value="PrintStatusForm.pas"/>
        <ComponentName Value="PrnStatusForm"/>
        <HasResources Value="True"/>
        <ResourceBaseClass Value="Form"/>
        <UnitName Value="PrintStatusForm"/>
        <CursorPos X="1" Y="1"/>
        <TopLine Value="1"/>
        <UsageCount Value="15"/>
      </Unit3>
      <Unit4>
        <Filename Value="SUBMIT.PAS"/>
        <UnitName Value="Submit"/>
        <CursorPos X="31" Y="28"/>
        <TopLine Value="1"/>
        <UsageCount Value="16"/>
      </Unit4>
      <Unit5>
        <Filename Value="ImgForm.pas"/>
        <UnitName Value="ImgForm"/>
        <CursorPos X="42" Y="20"/>
        <TopLine Value="1"/>
        <UsageCount Value="9"/>
      </Unit5>
      <Unit6>
        <Filename Value="Fontdlg.pas"/>
        <HasResources Value="True"/>
        <UnitName Value="Fontdlg"/>
        <CursorPos X="5" Y="218"/>
        <TopLine Value="154"/>
        <UsageCount Value="18"/>
      </Unit6>
      <Unit7>
        <Filename Value="..\..\source\ColorGrd.pas"/>
        <UnitName Value="ColorGrd"/>
        <CursorPos X="16" Y="113"/>
        <TopLine Value="80"/>
        <UsageCount Value="8"/>
        <SyntaxHighlighter Value="Delphi"/>
      </Unit7>
      <Unit8>
        <Filename Value="..\..\source\htmlcons.inc"/>
        <CursorPos X="31" Y="14"/>
        <TopLine Value="2"/>
        <EditorIndex Value="2"/>
        <UsageCount Value="16"/>
        <Loaded Value="True"/>
        <SyntaxHighlighter Value="Delphi"/>
      </Unit8>
      <Unit9>
        <Filename Value="ColorGrd.pas"/>
        <UnitName Value="ColorGrd"/>
        <CursorPos X="3" Y="131"/>
        <TopLine Value="129"/>
        <UsageCount Value="11"/>
      </Unit9>
      <Unit10>
        <Filename Value="..\..\source\htmlview.pas"/>
        <UnitName Value="Htmlview"/>
        <CursorPos X="1" Y="3501"/>
        <TopLine Value="3471"/>
        <EditorIndex Value="4"/>
        <UsageCount Value="14"/>
        <Loaded Value="True"/>
        <SyntaxHighlighter Value="Delphi"/>
      </Unit10>
      <Unit11>
        <Filename Value="..\..\source\HtmlGlobals.pas"/>
        <UnitName Value="HtmlGlobals"/>
        <CursorPos X="1" Y="10"/>
        <TopLine Value="3"/>
        <EditorIndex Value="3"/>
        <UsageCount Value="14"/>
        <Loaded Value="True"/>
        <SyntaxHighlighter Value="Delphi"/>
      </Unit11>
      <Unit12>
        <Filename Value="..\..\source\vwPrint.pas"/>
        <UnitName Value="vwPrint"/>
        <CursorPos X="6" Y="208"/>
        <TopLine Value="176"/>
        <EditorIndex Value="7"/>
        <UsageCount Value="14"/>
        <Loaded Value="True"/>
        <SyntaxHighlighter Value="Delphi"/>
      </Unit12>
      <Unit13>
        <Filename Value="C:\lazarus\lcl\graphics.pp"/>
        <UnitName Value="Graphics"/>
        <CursorPos X="1" Y="1"/>
        <TopLine Value="1"/>
        <UsageCount Value="9"/>
      </Unit13>
      <Unit14>
        <Filename Value="Htmlabt.pas"/>
        <HasResources Value="True"/>
        <UnitName Value="HTMLAbt"/>
        <CursorPos X="36" Y="67"/>
        <TopLine Value="44"/>
        <EditorIndex Value="0"/>
        <UsageCount Value="17"/>
        <Loaded Value="True"/>
      </Unit14>
      <Unit15>
        <Filename Value="Submit.lrs"/>
        <CursorPos X="48" Y="7"/>
        <TopLine Value="1"/>
        <EditorIndex Value="10"/>
        <UsageCount Value="12"/>
        <Loaded Value="True"/>
      </Unit15>
      <Unit16>
        <Filename Value="ImgForm.lrs"/>
        <CursorPos X="37" Y="7"/>
        <TopLine Value="1"/>
        <EditorIndex Value="9"/>
        <UsageCount Value="12"/>
        <Loaded Value="True"/>
      </Unit16>
      <Unit17>
        <Filename Value="PreviewForm.pas"/>
        <UnitName Value="PreviewForm"/>
        <CursorPos X="1" Y="21"/>
        <TopLine Value="21"/>
        <UsageCount Value="15"/>
      </Unit17>
      <Unit18>
        <Filename Value="C:\lazarus\fpc\2.2.4\source\rtl\win\wininc\ascdef.inc"/>
        <CursorPos X="10" Y="301"/>
        <TopLine Value="268"/>
        <UsageCount Value="9"/>
      </Unit18>
      <Unit19>
        <Filename Value="C:\lazarus\fpc\2.2.4\source\packages\fcl-image\src\fpimage.pp"/>
        <UnitName Value="FPimage"/>
        <CursorPos X="3" Y="60"/>
        <TopLine Value="27"/>
        <UsageCount Value="9"/>
      </Unit19>
      <Unit20>
        <Filename Value="..\..\source\Htmlsbs1.pas"/>
        <UnitName Value="Htmlsbs1"/>
        <CursorPos X="40" Y="35"/>
        <TopLine Value="2"/>
        <UsageCount Value="11"/>
        <SyntaxHighlighter Value="Delphi"/>
      </Unit20>
      <Unit21>
        <Filename Value="C:\lazarus\lcl\interfaces\win32\interfaces.pp"/>
        <UnitName Value="Interfaces"/>
        <CursorPos X="1" Y="1"/>
        <TopLine Value="1"/>
        <UsageCount Value="9"/>
      </Unit21>
      <Unit22>
        <Filename Value="..\..\source\HTMLUn2.pas"/>
        <UnitName Value="HTMLUn2"/>
        <CursorPos X="42" Y="1988"/>
        <TopLine Value="1955"/>
        <UsageCount Value="10"/>
        <SyntaxHighlighter Value="Delphi"/>
      </Unit22>
      <Unit23>
        <Filename Value="C:\lazarus\fpc\2.2.4\source\rtl\objpas\rtlconsts.pp"/>
        <UnitName Value="RtlConsts"/>
        <CursorPos X="8" Y="1"/>
        <TopLine Value="1"/>
        <UsageCount Value="11"/>
      </Unit23>
      <Unit24>
        <Filename Value="C:\lazarus\fpc\2.2.4\source\rtl\objpas\rtlconst.inc"/>
        <CursorPos X="1" Y="1"/>
        <TopLine Value="1"/>
        <UsageCount Value="9"/>
      </Unit24>
      <Unit25>
        <Filename Value="..\..\source\MetaFilePrinter.pas"/>
        <UnitName Value="MetaFilePrinter"/>
        <CursorPos X="57" Y="499"/>
        <TopLine Value="478"/>
        <EditorIndex Value="5"/>
        <UsageCount Value="14"/>
        <Loaded Value="True"/>
        <SyntaxHighlighter Value="Delphi"/>
      </Unit25>
      <Unit26>
        <Filename Value="..\..\source\StyleUn.pas"/>
        <UnitName Value="StyleUn"/>
        <CursorPos X="21" Y="36"/>
        <TopLine Value="3"/>
        <EditorIndex Value="6"/>
        <UsageCount Value="14"/>
        <Loaded Value="True"/>
        <SyntaxHighlighter Value="Delphi"/>
      </Unit26>
      <Unit27>
        <Filename Value="FDemUnit.lrs"/>
        <CursorPos X="69" Y="72"/>
        <TopLine Value="7"/>
        <UsageCount Value="12"/>
      </Unit27>
      <Unit28>
        <Filename Value="C:\lazarus\lcl\printers.pas"/>
        <UnitName Value="Printers"/>
        <CursorPos X="3" Y="125"/>
        <TopLine Value="92"/>
        <UsageCount Value="10"/>
      </Unit28>
      <Unit29>
        <Filename Value="PrintStatusForm.lrs"/>
        <CursorPos X="1" Y="3"/>
        <TopLine Value="1"/>
        <UsageCount Value="10"/>
      </Unit29>
      <Unit30>
        <Filename Value="Gopage.pas"/>
        <UnitName Value="Gopage"/>
        <CursorPos X="17" Y="55"/>
        <TopLine Value="1"/>
        <UsageCount Value="12"/>
      </Unit30>
      <Unit31>
        <Filename Value="PreviewForm.lrs"/>
        <CursorPos X="1" Y="1"/>
        <TopLine Value="1"/>
        <UsageCount Value="10"/>
      </Unit31>
      <Unit32>
        <Filename Value="C:\lazarus\lcl\include\customform.inc"/>
        <CursorPos X="1" Y="1511"/>
        <TopLine Value="1478"/>
        <UsageCount Value="10"/>
      </Unit32>
      <Unit33>
        <Filename Value="C:\lazarus\lcl\include\application.inc"/>
        <CursorPos X="54" Y="1955"/>
        <TopLine Value="1918"/>
        <UsageCount Value="12"/>
      </Unit33>
      <Unit34>
        <Filename Value="FDemUnit.lfm"/>
        <CursorPos X="4" Y="239"/>
        <TopLine Value="173"/>
        <UsageCount Value="10"/>
        <SyntaxHighlighter Value="LFM"/>
      </Unit34>
      <Unit35>
        <Filename Value="HtmlAbt.lrs"/>
        <CursorPos X="41" Y="21"/>
        <TopLine Value="1"/>
        <EditorIndex Value="1"/>
        <UsageCount Value="12"/>
        <Loaded Value="True"/>
      </Unit35>
      <Unit36>
        <Filename Value="FontDlg.lrs"/>
        <CursorPos X="8" Y="50"/>
        <TopLine Value="1"/>
        <UsageCount Value="11"/>
      </Unit36>
      <Unit37>
        <Filename Value="GoPage.lrs"/>
        <CursorPos X="4" Y="8"/>
        <TopLine Value="1"/>
        <UsageCount Value="12"/>
      </Unit37>
      <Unit38>
        <Filename Value="Htmlabt.lfm"/>
        <CursorPos X="1" Y="22"/>
        <TopLine Value="1"/>
        <UsageCount Value="12"/>
        <SyntaxHighlighter Value="LFM"/>
      </Unit38>
      <Unit39>
        <Filename Value="C:\lazarus\lcl\controls.pp"/>
        <UnitName Value="Controls"/>
        <CursorPos X="45" Y="1274"/>
        <TopLine Value="1252"/>
        <UsageCount Value="10"/>
      </Unit39>
      <Unit40>
        <Filename Value="C:\lazarus\lcl\include\wincontrol.inc"/>
        <CursorPos X="31" Y="6690"/>
        <TopLine Value="6684"/>
        <UsageCount Value="10"/>
      </Unit40>
    </Units>
    <JumpHistory Count="8" HistoryIndex="7">
      <Position1>
        <Filename Value="Htmlabt.pas"/>
        <Caret Line="21" Column="31" TopLine="2"/>
      </Position1>
      <Position2>
        <Filename Value="FrameDem.dpr"/>
        <Caret Line="29" Column="1" TopLine="1"/>
      </Position2>
      <Position3>
        <Filename Value="FrameDem.dpr"/>
        <Caret Line="31" Column="23" TopLine="1"/>
      </Position3>
      <Position4>
        <Filename Value="FDemUnit.pas"/>
        <Caret Line="447" Column="5" TopLine="410"/>
      </Position4>
      <Position5>
        <Filename Value="FDemUnit.pas"/>
        <Caret Line="334" Column="1" TopLine="329"/>
      </Position5>
      <Position6>
        <Filename Value="FDemUnit.pas"/>
        <Caret Line="360" Column="22" TopLine="311"/>
      </Position6>
      <Position7>
        <Filename Value="FDemUnit.pas"/>
        <Caret Line="802" Column="1" TopLine="799"/>
      </Position7>
      <Position8>
        <Filename Value="FDemUnit.pas"/>
        <Caret Line="1" Column="1" TopLine="1"/>
      </Position8>
    </JumpHistory>
  </ProjectOptions>
  <CompilerOptions>
    <Version Value="8"/>
    <PathDelim Value="\"/>
    <Target>
      <Filename Value="bin\$(TargetCPU)-$(TargetOS)\FrameDem.exe"/>
    </Target>
    <SearchPaths>
      <IncludeFiles Value="$(ProjOutDir)\"/>
      <OtherUnitFiles Value="..\..\package\lib\$(TargetCPU)-$(TargetOS)\"/>
      <UnitOutputDirectory Value="lib\$(TargetCPU)-$(TargetOS)"/>
    </SearchPaths>
    <Linking>
      <Debugging>
        <GenerateDebugInfo Value="True"/>
      </Debugging>
      <Options>
        <Win32>
          <GraphicApplication Value="True"/>
        </Win32>
      </Options>
    </Linking>
    <Other>
      <CompilerPath Value="$(CompPath)"/>
    </Other>
  </CompilerOptions>
  <Debugging>
    <Watches Count="1">
      <Item1>
        <Expression Value="BitBtn1"/>
      </Item1>
    </Watches>
  </Debugging>
</CONFIG>
